
Microsoft Visual Studio Solution File, Format Version 12.00
# Visual Studio Version 17
VisualStudioVersion = 17.9.34616.47
MinimumVisualStudioVersion = 10.0.40219.1
Project("{9A19103F-16F7-4668-BE54-9A1E7A4F7556}") = "GameGourmetView", "GameGourmetView\GameGourmetView.csproj", "{3DC37EB8-7D1D-442A-BE1B-BC8C631F7D0C}"
EndProject
Project("{9A19103F-16F7-4668-BE54-9A1E7A4F7556}") = "GameGourmetTests", "GameGourmetTests\GameGourmetTests.csproj", "{3E279A8D-8FE1-4A55-A156-E223A48D65C1}"
EndProject
Project("{9A19103F-16F7-4668-BE54-9A1E7A4F7556}") = "GameGourmetCore", "GameGourmetDomain\GameGourmetCore.csproj", "{3F47C028-9CC5-47AA-9E4F-3DAE4F37B4FC}"
EndProject
Global
	GlobalSection(SolutionConfigurationPlatforms) = preSolution
		Debug|Any CPU = Debug|Any CPU
		Release|Any CPU = Release|Any CPU
	EndGlobalSection
	GlobalSection(ProjectConfigurationPlatforms) = postSolution
		{3DC37EB8-7D1D-442A-BE1B-BC8C631F7D0C}.Debug|Any CPU.ActiveCfg = Debug|Any CPU
		{3DC37EB8-7D1D-442A-BE1B-BC8C631F7D0C}.Debug|Any CPU.Build.0 = Debug|Any CPU
		{3DC37EB8-7D1D-442A-BE1B-BC8C631F7D0C}.Release|Any CPU.ActiveCfg = Release|Any CPU
		{3DC37EB8-7D1D-442A-BE1B-BC8C631F7D0C}.Release|Any CPU.Build.0 = Release|Any CPU
		{3E279A8D-8FE1-4A55-A156-E223A48D65C1}.Debug|Any CPU.ActiveCfg = Debug|Any CPU
		{3E279A8D-8FE1-4A55-A156-E223A48D65C1}.Debug|Any CPU.Build.0 = Debug|Any CPU
		{3E279A8D-8FE1-4A55-A156-E223A48D65C1}.Release|Any CPU.ActiveCfg = Release|Any CPU
		{3E279A8D-8FE1-4A55-A156-E223A48D65C1}.Release|Any CPU.Build.0 = Release|Any CPU
		{3F47C028-9CC5-47AA-9E4F-3DAE4F37B4FC}.Debug|Any CPU.ActiveCfg = Debug|Any CPU
		{3F47C028-9CC5-47AA-9E4F-3DAE4F37B4FC}.Debug|Any CPU.Build.0 = Debug|Any CPU
		{3F47C028-9CC5-47AA-9E4F-3DAE4F37B4FC}.Release|Any CPU.ActiveCfg = Release|Any CPU
		{3F47C028-9CC5-47AA-9E4F-3DAE4F37B4FC}.Release|Any CPU.Build.0 = Release|Any CPU
	EndGlobalSection
	GlobalSection(SolutionProperties) = preSolution
		HideSolutionNode = FALSE
	EndGlobalSection
	GlobalSection(ExtensibilityGlobals) = postSolution
		SolutionGuid = {8B9F6BF0-8B3A-4914-AB08-C15492C00D6A}
	EndGlobalSection
EndGlobal
